
Microsoft Visual Studio Solution File, Format Version 12.00
# Visual Studio Version 17
VisualStudioVersion = 17.2.32616.157
MinimumVisualStudioVersion = 10.0.40219.1
Project("{FAE04EC0-301F-11D3-BF4B-00C04F79EFBC}") = "IntroToSQL", "IntroToSQL\IntroToSQL.csproj", "{4227B30F-0C8D-4638-BC56-B8330F920DAF}"
EndProject
Global
	GlobalSection(SolutionConfigurationPlatforms) = preSolution
		Debug|Any CPU = Debug|Any CPU
		Release|Any CPU = Release|Any CPU
	EndGlobalSection
	GlobalSection(ProjectConfigurationPlatforms) = postSolution
		{4227B30F-0C8D-4638-BC56-B8330F920DAF}.Debug|Any CPU.ActiveCfg = Debug|Any CPU
		{4227B30F-0C8D-4638-BC56-B8330F920DAF}.Debug|Any CPU.Build.0 = Debug|Any CPU
		{4227B30F-0C8D-4638-BC56-B8330F920DAF}.Release|Any CPU.ActiveCfg = Release|Any CPU
		{4227B30F-0C8D-4638-BC56-B8330F920DAF}.Release|Any CPU.Build.0 = Release|Any CPU
	EndGlobalSection
	GlobalSection(SolutionProperties) = preSolution
		HideSolutionNode = FALSE
	EndGlobalSection
	GlobalSection(ExtensibilityGlobals) = postSolution
		SolutionGuid = {5DC10DAA-4B1E-4EB6-BCEE-FEADC2F5B780}
	EndGlobalSection
EndGlobal
